
Microsoft Visual Studio Solution File, Format Version 12.00
# Visual Studio Version 17
VisualStudioVersion = 17.7.34009.444
MinimumVisualStudioVersion = 10.0.40219.1
Project("{FAE04EC0-301F-11D3-BF4B-00C04F79EFBC}") = "Arrays", "Arrays\Arrays.csproj", "{B8B5E534-9637-453F-B24F-ECA1B01AFC4F}"
EndProject
Global
	GlobalSection(SolutionConfigurationPlatforms) = preSolution
		Debug|Any CPU = Debug|Any CPU
		Release|Any CPU = Release|Any CPU
	EndGlobalSection
	GlobalSection(ProjectConfigurationPlatforms) = postSolution
		{B8B5E534-9637-453F-B24F-ECA1B01AFC4F}.Debug|Any CPU.ActiveCfg = Debug|Any CPU
		{B8B5E534-9637-453F-B24F-ECA1B01AFC4F}.Debug|Any CPU.Build.0 = Debug|Any CPU
		{B8B5E534-9637-453F-B24F-ECA1B01AFC4F}.Release|Any CPU.ActiveCfg = Release|Any CPU
		{B8B5E534-9637-453F-B24F-ECA1B01AFC4F}.Release|Any CPU.Build.0 = Release|Any CPU
	EndGlobalSection
	GlobalSection(SolutionProperties) = preSolution
		HideSolutionNode = FALSE
	EndGlobalSection
	GlobalSection(ExtensibilityGlobals) = postSolution
		SolutionGuid = {A9085816-15F1-42E2-87E7-92E738D8AEB1}
	EndGlobalSection
EndGlobal
